// !$*UTF8*$!
{
	archiveVersion = 1;
	classes = {
	};
	objectVersion = 56;
	objects = {

/* Begin PBXBuildFile section */
		4392F239297F4BE4001A8A0C /* BeFairApp.swift in Sources */ = {isa = PBXBuildFile; fileRef = 4392F238297F4BE4001A8A0C /* BeFairApp.swift */; };
		4392F23B297F4BE4001A8A0C /* ContentView.swift in Sources */ = {isa = PBXBuildFile; fileRef = 4392F23A297F4BE4001A8A0C /* ContentView.swift */; };
		4392F23D297F4BE6001A8A0C /* Assets.xcassets in Resources */ = {isa = PBXBuildFile; fileRef = 4392F23C297F4BE6001A8A0C /* Assets.xcassets */; };
		4392F241297F4BE6001A8A0C /* Preview Assets.xcassets in Resources */ = {isa = PBXBuildFile; fileRef = 4392F240297F4BE6001A8A0C /* Preview Assets.xcassets */; };
		4392F24B297F4BE6001A8A0C /* BeFairTests.swift in Sources */ = {isa = PBXBuildFile; fileRef = 4392F24A297F4BE6001A8A0C /* BeFairTests.swift */; };
		4392F255297F4BE6001A8A0C /* BeFairUITests.swift in Sources */ = {isa = PBXBuildFile; fileRef = 4392F254297F4BE6001A8A0C /* BeFairUITests.swift */; };
		4392F257297F4BE6001A8A0C /* BeFairUITestsLaunchTests.swift in Sources */ = {isa = PBXBuildFile; fileRef = 4392F256297F4BE6001A8A0C /* BeFairUITestsLaunchTests.swift */; };
/* End PBXBuildFile section */

/* Begin PBXContainerItemProxy section */
		4392F247297F4BE6001A8A0C /* PBXContainerItemProxy */ = {
			isa = PBXContainerItemProxy;
			containerPortal = 4392F22D297F4BE4001A8A0C /* Project object */;
			proxyType = 1;
			remoteGlobalIDString = 4392F234297F4BE4001A8A0C;
			remoteInfo = BeFair;
		};
		4392F251297F4BE6001A8A0C /* PBXContainerItemProxy */ = {
			isa = PBXContainerItemProxy;
			containerPortal = 4392F22D297F4BE4001A8A0C /* Project object */;
			proxyType = 1;
			remoteGlobalIDString = 4392F234297F4BE4001A8A0C;
			remoteInfo = BeFair;
		};
/* End PBXContainerItemProxy section */

/* Begin PBXFileReference section */
		4392F235297F4BE4001A8A0C /* BeFair.app */ = {isa = PBXFileReference; explicitFileType = wrapper.application; includeInIndex = 0; path = BeFair.app; sourceTree = BUILT_PRODUCTS_DIR; };
		4392F238297F4BE4001A8A0C /* BeFairApp.swift */ = {isa = PBXFileReference; lastKnownFileType = sourcecode.swift; path = BeFairApp.swift; sourceTree = "<group>"; };
		4392F23A297F4BE4001A8A0C /* ContentView.swift */ = {isa = PBXFileReference; lastKnownFileType = sourcecode.swift; path = ContentView.swift; sourceTree = "<group>"; };
		4392F23C297F4BE6001A8A0C /* Assets.xcassets */ = {isa = PBXFileReference; lastKnownFileType = folder.assetcatalog; path = Assets.xcassets; sourceTree = "<group>"; };
		4392F23E297F4BE6001A8A0C /* BeFair.entitlements */ = {isa = PBXFileReference; lastKnownFileType = text.plist.entitlements; path = BeFair.entitlements; sourceTree = "<group>"; };
		4392F240297F4BE6001A8A0C /* Preview Assets.xcassets */ = {isa = PBXFileReference; lastKnownFileType = folder.assetcatalog; path = "Preview Assets.xcassets"; sourceTree = "<group>"; };
		4392F246297F4BE6001A8A0C /* BeFairTests.xctest */ = {isa = PBXFileReference; explicitFileType = wrapper.cfbundle; includeInIndex = 0; path = BeFairTests.xctest; sourceTree = BUILT_PRODUCTS_DIR; };
		4392F24A297F4BE6001A8A0C /* BeFairTests.swift */ = {isa = PBXFileReference; lastKnownFileType = sourcecode.swift; path = BeFairTests.swift; sourceTree = "<group>"; };
		4392F250297F4BE6001A8A0C /* BeFairUITests.xctest */ = {isa = PBXFileReference; explicitFileType = wrapper.cfbundle; includeInIndex = 0; path = BeFairUITests.xctest; sourceTree = BUILT_PRODUCTS_DIR; };
		4392F254297F4BE6001A8A0C /* BeFairUITests.swift */ = {isa = PBXFileReference; lastKnownFileType = sourcecode.swift; path = BeFairUITests.swift; sourceTree = "<group>"; };
		4392F256297F4BE6001A8A0C /* BeFairUITestsLaunchTests.swift */ = {isa = PBXFileReference; lastKnownFileType = sourcecode.swift; path = BeFairUITestsLaunchTests.swift; sourceTree = "<group>"; };
/* End PBXFileReference section */

/* Begin PBXFrameworksBuildPhase section */
		4392F232297F4BE4001A8A0C /* Frameworks */ = {
			isa = PBXFrameworksBuildPhase;
			buildActionMask = 2147483647;
			files = (
			);
			runOnlyForDeploymentPostprocessing = 0;
		};
		4392F243297F4BE6001A8A0C /* Frameworks */ = {
			isa = PBXFrameworksBuildPhase;
			buildActionMask = 2147483647;
			files = (
			);
			runOnlyForDeploymentPostprocessing = 0;
		};
		4392F24D297F4BE6001A8A0C /* Frameworks */ = {
			isa = PBXFrameworksBuildPhase;
			buildActionMask = 2147483647;
			files = (
			);
			runOnlyForDeploymentPostprocessing = 0;
		};
/* End PBXFrameworksBuildPhase section */

/* Begin PBXGroup section */
		4392F22C297F4BE4001A8A0C = {
			isa = PBXGroup;
			children = (
				4392F237297F4BE4001A8A0C /* BeFair */,
				4392F249297F4BE6001A8A0C /* BeFairTests */,
				4392F253297F4BE6001A8A0C /* BeFairUITests */,
				4392F236297F4BE4001A8A0C /* Products */,
			);
			sourceTree = "<group>";
		};
		4392F236297F4BE4001A8A0C /* Products */ = {
			isa = PBXGroup;
			children = (
				4392F235297F4BE4001A8A0C /* BeFair.app */,
				4392F246297F4BE6001A8A0C /* BeFairTests.xctest */,
				4392F250297F4BE6001A8A0C /* BeFairUITests.xctest */,
			);
			name = Products;
			sourceTree = "<group>";
		};
		4392F237297F4BE4001A8A0C /* BeFair */ = {
			isa = PBXGroup;
			children = (
				4392F238297F4BE4001A8A0C /* BeFairApp.swift */,
				4392F23A297F4BE4001A8A0C /* ContentView.swift */,
				4392F23C297F4BE6001A8A0C /* Assets.xcassets */,
				4392F23E297F4BE6001A8A0C /* BeFair.entitlements */,
				4392F23F297F4BE6001A8A0C /* Preview Content */,
			);
			path = BeFair;
			sourceTree = "<group>";
		};
		4392F23F297F4BE6001A8A0C /* Preview Content */ = {
			isa = PBXGroup;
			children = (
				4392F240297F4BE6001A8A0C /* Preview Assets.xcassets */,
			);
			path = "Preview Content";
			sourceTree = "<group>";
		};
		4392F249297F4BE6001A8A0C /* BeFairTests */ = {
			isa = PBXGroup;
			children = (
				4392F24A297F4BE6001A8A0C /* BeFairTests.swift */,
			);
			path = BeFairTests;
			sourceTree = "<group>";
		};
		4392F253297F4BE6001A8A0C /* BeFairUITests */ = {
			isa = PBXGroup;
			children = (
				4392F254297F4BE6001A8A0C /* BeFairUITests.swift */,
				4392F256297F4BE6001A8A0C /* BeFairUITestsLaunchTests.swift */,
			);
			path = BeFairUITests;
			sourceTree = "<group>";
		};
/* End PBXGroup section */

/* Begin PBXNativeTarget section */
		4392F234297F4BE4001A8A0C /* BeFair */ = {
			isa = PBXNativeTarget;
			buildConfigurationList = 4392F25A297F4BE6001A8A0C /* Build configuration list for PBXNativeTarget "BeFair" */;
			buildPhases = (
				4392F231297F4BE4001A8A0C /* Sources */,
				4392F232297F4BE4001A8A0C /* Frameworks */,
				4392F233297F4BE4001A8A0C /* Resources */,
			);
			buildRules = (
			);
			dependencies = (
			);
			name = BeFair;
			productName = BeFair;
			productReference = 4392F235297F4BE4001A8A0C /* BeFair.app */;
			productType = "com.apple.product-type.application";
		};
		4392F245297F4BE6001A8A0C /* BeFairTests */ = {
			isa = PBXNativeTarget;
			buildConfigurationList = 4392F25D297F4BE6001A8A0C /* Build configuration list for PBXNativeTarget "BeFairTests" */;
			buildPhases = (
				4392F242297F4BE6001A8A0C /* Sources */,
				4392F243297F4BE6001A8A0C /* Frameworks */,
				4392F244297F4BE6001A8A0C /* Resources */,
			);
			buildRules = (
			);
			dependencies = (
				4392F248297F4BE6001A8A0C /* PBXTargetDependency */,
			);
			name = BeFairTests;
			productName = BeFairTests;
			productReference = 4392F246297F4BE6001A8A0C /* BeFairTests.xctest */;
			productType = "com.apple.product-type.bundle.unit-test";
		};
		4392F24F297F4BE6001A8A0C /* BeFairUITests */ = {
			isa = PBXNativeTarget;
			buildConfigurationList = 4392F260297F4BE6001A8A0C /* Build configuration list for PBXNativeTarget "BeFairUITests" */;
			buildPhases = (
				4392F24C297F4BE6001A8A0C /* Sources */,
				4392F24D297F4BE6001A8A0C /* Frameworks */,
				4392F24E297F4BE6001A8A0C /* Resources */,
			);
			buildRules = (
			);
			dependencies = (
				4392F252297F4BE6001A8A0C /* PBXTargetDependency */,
			);
			name = BeFairUITests;
			productName = BeFairUITests;
			productReference = 4392F250297F4BE6001A8A0C /* BeFairUITests.xctest */;
			productType = "com.apple.product-type.bundle.ui-testing";
		};
/* End PBXNativeTarget section */

/* Begin PBXProject section */
		4392F22D297F4BE4001A8A0C /* Project object */ = {
			isa = PBXProject;
			attributes = {
				BuildIndependentTargetsInParallel = 1;
				LastSwiftUpdateCheck = 1420;
				LastUpgradeCheck = 1420;
				TargetAttributes = {
					4392F234297F4BE4001A8A0C = {
						CreatedOnToolsVersion = 14.2;
					};
					4392F245297F4BE6001A8A0C = {
						CreatedOnToolsVersion = 14.2;
						TestTargetID = 4392F234297F4BE4001A8A0C;
					};
					4392F24F297F4BE6001A8A0C = {
						CreatedOnToolsVersion = 14.2;
						TestTargetID = 4392F234297F4BE4001A8A0C;
					};
				};
			};
			buildConfigurationList = 4392F230297F4BE4001A8A0C /* Build configuration list for PBXProject "BeFair" */;
			compatibilityVersion = "Xcode 14.0";
			developmentRegion = en;
			hasScannedForEncodings = 0;
			knownRegions = (
				en,
				Base,
			);
			mainGroup = 4392F22C297F4BE4001A8A0C;
			productRefGroup = 4392F236297F4BE4001A8A0C /* Products */;
			projectDirPath = "";
			projectRoot = "";
			targets = (
				4392F234297F4BE4001A8A0C /* BeFair */,
				4392F245297F4BE6001A8A0C /* BeFairTests */,
				4392F24F297F4BE6001A8A0C /* BeFairUITests */,
			);
		};
/* End PBXProject section */

/* Begin PBXResourcesBuildPhase section */
		4392F233297F4BE4001A8A0C /* Resources */ = {
			isa = PBXResourcesBuildPhase;
			buildActionMask = 2147483647;
			files = (
				4392F241297F4BE6001A8A0C /* Preview Assets.xcassets in Resources */,
				4392F23D297F4BE6001A8A0C /* Assets.xcassets in Resources */,
			);
			runOnlyForDeploymentPostprocessing = 0;
		};
		4392F244297F4BE6001A8A0C /* Resources */ = {
			isa = PBXResourcesBuildPhase;
			buildActionMask = 2147483647;
			files = (
			);
			runOnlyForDeploymentPostprocessing = 0;
		};
		4392F24E297F4BE6001A8A0C /* Resources */ = {
			isa = PBXResourcesBuildPhase;
			buildActionMask = 2147483647;
			files = (
			);
			runOnlyForDeploymentPostprocessing = 0;
		};
/* End PBXResourcesBuildPhase section */

/* Begin PBXSourcesBuildPhase section */
		4392F231297F4BE4001A8A0C /* Sources */ = {
			isa = PBXSourcesBuildPhase;
			buildActionMask = 2147483647;
			files = (
				4392F23B297F4BE4001A8A0C /* ContentView.swift in Sources */,
				4392F239297F4BE4001A8A0C /* BeFairApp.swift in Sources */,
			);
			runOnlyForDeploymentPostprocessing = 0;
		};
		4392F242297F4BE6001A8A0C /* Sources */ = {
			isa = PBXSourcesBuildPhase;
			buildActionMask = 2147483647;
			files = (
				4392F24B297F4BE6001A8A0C /* BeFairTests.swift in Sources */,
			);
			runOnlyForDeploymentPostprocessing = 0;
		};
		4392F24C297F4BE6001A8A0C /* Sources */ = {
			isa = PBXSourcesBuildPhase;
			buildActionMask = 2147483647;
			files = (
				4392F255297F4BE6001A8A0C /* BeFairUITests.swift in Sources */,
				4392F257297F4BE6001A8A0C /* BeFairUITestsLaunchTests.swift in Sources */,
			);
			runOnlyForDeploymentPostprocessing = 0;
		};
/* End PBXSourcesBuildPhase section */

/* Begin PBXTargetDependency section */
		4392F248297F4BE6001A8A0C /* PBXTargetDependency */ = {
			isa = PBXTargetDependency;
			target = 4392F234297F4BE4001A8A0C /* BeFair */;
			targetProxy = 4392F247297F4BE6001A8A0C /* PBXContainerItemProxy */;
		};
		4392F252297F4BE6001A8A0C /* PBXTargetDependency */ = {
			isa = PBXTargetDependency;
			target = 4392F234297F4BE4001A8A0C /* BeFair */;
			targetProxy = 4392F251297F4BE6001A8A0C /* PBXContainerItemProxy */;
		};
/* End PBXTargetDependency section */

/* Begin XCBuildConfiguration section */
		4392F258297F4BE6001A8A0C /* Debug */ = {
			isa = XCBuildConfiguration;
			buildSettings = {
				ALWAYS_SEARCH_USER_PATHS = NO;
				CLANG_ANALYZER_NONNULL = YES;
				CLANG_ANALYZER_NUMBER_OBJECT_CONVERSION = YES_AGGRESSIVE;
				CLANG_CXX_LANGUAGE_STANDARD = "gnu++20";
				CLANG_ENABLE_MODULES = YES;
				CLANG_ENABLE_OBJC_ARC = YES;
				CLANG_ENABLE_OBJC_WEAK = YES;
				CLANG_WARN_BLOCK_CAPTURE_AUTORELEASING = YES;
				CLANG_WARN_BOOL_CONVERSION = YES;
				CLANG_WARN_COMMA = YES;
				CLANG_WARN_CONSTANT_CONVERSION = YES;
				CLANG_WARN_DEPRECATED_OBJC_IMPLEMENTATIONS = YES;
				CLANG_WARN_DIRECT_OBJC_ISA_USAGE = YES_ERROR;
				CLANG_WARN_DOCUMENTATION_COMMENTS = YES;
				CLANG_WARN_EMPTY_BODY = YES;
				CLANG_WARN_ENUM_CONVERSION = YES;
				CLANG_WARN_INFINITE_RECURSION = YES;
				CLANG_WARN_INT_CONVERSION = YES;
				CLANG_WARN_NON_LITERAL_NULL_CONVERSION = YES;
				CLANG_WARN_OBJC_IMPLICIT_RETAIN_SELF = YES;
				CLANG_WARN_OBJC_LITERAL_CONVERSION = YES;
				CLANG_WARN_OBJC_ROOT_CLASS = YES_ERROR;
				CLANG_WARN_QUOTED_INCLUDE_IN_FRAMEWORK_HEADER = YES;
				CLANG_WARN_RANGE_LOOP_ANALYSIS = YES;
				CLANG_WARN_STRICT_PROTOTYPES = YES;
				CLANG_WARN_SUSPICIOUS_MOVE = YES;
				CLANG_WARN_UNGUARDED_AVAILABILITY = YES_AGGRESSIVE;
				CLANG_WARN_UNREACHABLE_CODE = YES;
				CLANG_WARN__DUPLICATE_METHOD_MATCH = YES;
				COPY_PHASE_STRIP = NO;
				DEBUG_INFORMATION_FORMAT = dwarf;
				ENABLE_STRICT_OBJC_MSGSEND = YES;
				ENABLE_TESTABILITY = YES;
				GCC_C_LANGUAGE_STANDARD = gnu11;
				GCC_DYNAMIC_NO_PIC = NO;
				GCC_NO_COMMON_BLOCKS = YES;
				GCC_OPTIMIZATION_LEVEL = 0;
				GCC_PREPROCESSOR_DEFINITIONS = (
					"DEBUG=1",
					"$(inherited)",
				);
				GCC_WARN_64_TO_32_BIT_CONVERSION = YES;
				GCC_WARN_ABOUT_RETURN_TYPE = YES_ERROR;
				GCC_WARN_UNDECLARED_SELECTOR = YES;
				GCC_WARN_UNINITIALIZED_AUTOS = YES_AGGRESSIVE;
				GCC_WARN_UNUSED_FUNCTION = YES;
				GCC_WARN_UNUSED_VARIABLE = YES;
				MTL_ENABLE_DEBUG_INFO = INCLUDE_SOURCE;
				MTL_FAST_MATH = YES;
				ONLY_ACTIVE_ARCH = YES;
				SWIFT_ACTIVE_COMPILATION_CONDITIONS = DEBUG;
				SWIFT_OPTIMIZATION_LEVEL = "-Onone";
			};
			name = Debug;
		};
		4392F259297F4BE6001A8A0C /* Release */ = {
			isa = XCBuildConfiguration;
			buildSettings = {
				ALWAYS_SEARCH_USER_PATHS = NO;
				CLANG_ANALYZER_NONNULL = YES;
				CLANG_ANALYZER_NUMBER_OBJECT_CONVERSION = YES_AGGRESSIVE;
				CLANG_CXX_LANGUAGE_STANDARD = "gnu++20";
				CLANG_ENABLE_MODULES = YES;
				CLANG_ENABLE_OBJC_ARC = YES;
				CLANG_ENABLE_OBJC_WEAK = YES;
				CLANG_WARN_BLOCK_CAPTURE_AUTORELEASING = YES;
				CLANG_WARN_BOOL_CONVERSION = YES;
				CLANG_WARN_COMMA = YES;
				CLANG_WARN_CONSTANT_CONVERSION = YES;
				CLANG_WARN_DEPRECATED_OBJC_IMPLEMENTATIONS = YES;
				CLANG_WARN_DIRECT_OBJC_ISA_USAGE = YES_ERROR;
				CLANG_WARN_DOCUMENTATION_COMMENTS = YES;
				CLANG_WARN_EMPTY_BODY = YES;
				CLANG_WARN_ENUM_CONVERSION = YES;
				CLANG_WARN_INFINITE_RECURSION = YES;
				CLANG_WARN_INT_CONVERSION = YES;
				CLANG_WARN_NON_LITERAL_NULL_CONVERSION = YES;
				CLANG_WARN_OBJC_IMPLICIT_RETAIN_SELF = YES;
				CLANG_WARN_OBJC_LITERAL_CONVERSION = YES;
				CLANG_WARN_OBJC_ROOT_CLASS = YES_ERROR;
				CLANG_WARN_QUOTED_INCLUDE_IN_FRAMEWORK_HEADER = YES;
				CLANG_WARN_RANGE_LOOP_ANALYSIS = YES;
				CLANG_WARN_STRICT_PROTOTYPES = YES;
				CLANG_WARN_SUSPICIOUS_MOVE = YES;
				CLANG_WARN_UNGUARDED_AVAILABILITY = YES_AGGRESSIVE;
				CLANG_WARN_UNREACHABLE_CODE = YES;
				CLANG_WARN__DUPLICATE_METHOD_MATCH = YES;
				COPY_PHASE_STRIP = NO;
				DEBUG_INFORMATION_FORMAT = "dwarf-with-dsym";
				ENABLE_NS_ASSERTIONS = NO;
				ENABLE_STRICT_OBJC_MSGSEND = YES;
				GCC_C_LANGUAGE_STANDARD = gnu11;
				GCC_NO_COMMON_BLOCKS = YES;
				GCC_WARN_64_TO_32_BIT_CONVERSION = YES;
				GCC_WARN_ABOUT_RETURN_TYPE = YES_ERROR;
				GCC_WARN_UNDECLARED_SELECTOR = YES;
				GCC_WARN_UNINITIALIZED_AUTOS = YES_AGGRESSIVE;
				GCC_WARN_UNUSED_FUNCTION = YES;
				GCC_WARN_UNUSED_VARIABLE = YES;
				MTL_ENABLE_DEBUG_INFO = NO;
				MTL_FAST_MATH = YES;
				SWIFT_COMPILATION_MODE = wholemodule;
				SWIFT_OPTIMIZATION_LEVEL = "-O";
			};
			name = Release;
		};
		4392F25B297F4BE6001A8A0C /* Debug */ = {
			isa = XCBuildConfiguration;
			buildSettings = {
				ASSETCATALOG_COMPILER_APPICON_NAME = AppIcon;
				ASSETCATALOG_COMPILER_GLOBAL_ACCENT_COLOR_NAME = AccentColor;
				CODE_SIGN_ENTITLEMENTS = BeFair/BeFair.entitlements;
				CODE_SIGN_STYLE = Automatic;
				CURRENT_PROJECT_VERSION = 1;
				DEVELOPMENT_ASSET_PATHS = "\"BeFair/Preview Content\"";
				DEVELOPMENT_TEAM = U47XPGS9CK;
				ENABLE_PREVIEWS = YES;
				GENERATE_INFOPLIST_FILE = YES;
				"INFOPLIST_KEY_UIApplicationSceneManifest_Generation[sdk=iphoneos*]" = YES;
				"INFOPLIST_KEY_UIApplicationSceneManifest_Generation[sdk=iphonesimulator*]" = YES;
				"INFOPLIST_KEY_UIApplicationSupportsIndirectInputEvents[sdk=iphoneos*]" = YES;
				"INFOPLIST_KEY_UIApplicationSupportsIndirectInputEvents[sdk=iphonesimulator*]" = YES;
				"INFOPLIST_KEY_UILaunchScreen_Generation[sdk=iphoneos*]" = YES;
				"INFOPLIST_KEY_UILaunchScreen_Generation[sdk=iphonesimulator*]" = YES;
				"INFOPLIST_KEY_UIStatusBarStyle[sdk=iphoneos*]" = UIStatusBarStyleDefault;
				"INFOPLIST_KEY_UIStatusBarStyle[sdk=iphonesimulator*]" = UIStatusBarStyleDefault;
				INFOPLIST_KEY_UISupportedInterfaceOrientations_iPad = "UIInterfaceOrientationPortrait UIInterfaceOrientationPortraitUpsideDown UIInterfaceOrientationLandscapeLeft UIInterfaceOrientationLandscapeRight";
				INFOPLIST_KEY_UISupportedInterfaceOrientations_iPhone = "UIInterfaceOrientationPortrait UIInterfaceOrientationLandscapeLeft UIInterfaceOrientationLandscapeRight";
				IPHONEOS_DEPLOYMENT_TARGET = 16.2;
				LD_RUNPATH_SEARCH_PATHS = "@executable_path/Frameworks";
				"LD_RUNPATH_SEARCH_PATHS[sdk=macosx*]" = "@executable_path/../Frameworks";
				MACOSX_DEPLOYMENT_TARGET = 13.1;
				MARKETING_VERSION = 1.0;
				PRODUCT_BUNDLE_IDENTIFIER = wssj.BeFair;
				PRODUCT_NAME = "$(TARGET_NAME)";
				SDKROOT = auto;
				SUPPORTED_PLATFORMS = "iphoneos iphonesimulator macosx";
				SWIFT_EMIT_LOC_STRINGS = YES;
				SWIFT_VERSION = 5.0;
				TARGETED_DEVICE_FAMILY = "1,2";
			};
			name = Debug;
		};
		4392F25C297F4BE6001A8A0C /* Release */ = {
			isa = XCBuildConfiguration;
			buildSettings = {
				ASSETCATALOG_COMPILER_APPICON_NAME = AppIcon;
				ASSETCATALOG_COMPILER_GLOBAL_ACCENT_COLOR_NAME = AccentColor;
				CODE_SIGN_ENTITLEMENTS = BeFair/BeFair.entitlements;
				CODE_SIGN_STYLE = Automatic;
				CURRENT_PROJECT_VERSION = 1;
				DEVELOPMENT_ASSET_PATHS = "\"BeFair/Preview Content\"";
				DEVELOPMENT_TEAM = U47XPGS9CK;
				ENABLE_PREVIEWS = YES;
				GENERATE_INFOPLIST_FILE = YES;
				"INFOPLIST_KEY_UIApplicationSceneManifest_Generation[sdk=iphoneos*]" = YES;
				"INFOPLIST_KEY_UIApplicationSceneManifest_Generation[sdk=iphonesimulator*]" = YES;
				"INFOPLIST_KEY_UIApplicationSupportsIndirectInputEvents[sdk=iphoneos*]" = YES;
				"INFOPLIST_KEY_UIApplicationSupportsIndirectInputEvents[sdk=iphonesimulator*]" = YES;
				"INFOPLIST_KEY_UILaunchScreen_Generation[sdk=iphoneos*]" = YES;
				"INFOPLIST_KEY_UILaunchScreen_Generation[sdk=iphonesimulator*]" = YES;
				"INFOPLIST_KEY_UIStatusBarStyle[sdk=iphoneos*]" = UIStatusBarStyleDefault;
				"INFOPLIST_KEY_UIStatusBarStyle[sdk=iphonesimulator*]" = UIStatusBarStyleDefault;
				INFOPLIST_KEY_UISupportedInterfaceOrientations_iPad = "UIInterfaceOrientationPortrait UIInterfaceOrientationPortraitUpsideDown UIInterfaceOrientationLandscapeLeft UIInterfaceOrientationLandscapeRight";
				INFOPLIST_KEY_UISupportedInterfaceOrientations_iPhone = "UIInterfaceOrientationPortrait UIInterfaceOrientationLandscapeLeft UIInterfaceOrientationLandscapeRight";
				IPHONEOS_DEPLOYMENT_TARGET = 16.2;
				LD_RUNPATH_SEARCH_PATHS = "@executable_path/Frameworks";
				"LD_RUNPATH_SEARCH_PATHS[sdk=macosx*]" = "@executable_path/../Frameworks";
				MACOSX_DEPLOYMENT_TARGET = 13.1;
				MARKETING_VERSION = 1.0;
				PRODUCT_BUNDLE_IDENTIFIER = wssj.BeFair;
				PRODUCT_NAME = "$(TARGET_NAME)";
				SDKROOT = auto;
				SUPPORTED_PLATFORMS = "iphoneos iphonesimulator macosx";
				SWIFT_EMIT_LOC_STRINGS = YES;
				SWIFT_VERSION = 5.0;
				TARGETED_DEVICE_FAMILY = "1,2";
			};
			name = Release;
		};
		4392F25E297F4BE6001A8A0C /* Debug */ = {
			isa = XCBuildConfiguration;
			buildSettings = {
				ALWAYS_EMBED_SWIFT_STANDARD_LIBRARIES = YES;
				BUNDLE_LOADER = "$(TEST_HOST)";
				CODE_SIGN_STYLE = Automatic;
				CURRENT_PROJECT_VERSION = 1;
				GENERATE_INFOPLIST_FILE = YES;
				IPHONEOS_DEPLOYMENT_TARGET = 16.2;
				MACOSX_DEPLOYMENT_TARGET = 13.1;
				MARKETING_VERSION = 1.0;
				PRODUCT_BUNDLE_IDENTIFIER = wssj.BeFairTests;
				PRODUCT_NAME = "$(TARGET_NAME)";
				SDKROOT = auto;
				SUPPORTED_PLATFORMS = "iphoneos iphonesimulator macosx";
				SWIFT_EMIT_LOC_STRINGS = NO;
				SWIFT_VERSION = 5.0;
				TARGETED_DEVICE_FAMILY = "1,2";
				TEST_HOST = "$(BUILT_PRODUCTS_DIR)/BeFair.app/$(BUNDLE_EXECUTABLE_FOLDER_PATH)/BeFair";
			};
			name = Debug;
		};
		4392F25F297F4BE6001A8A0C /* Release */ = {
			isa = XCBuildConfiguration;
			buildSettings = {
				ALWAYS_EMBED_SWIFT_STANDARD_LIBRARIES = YES;
				BUNDLE_LOADER = "$(TEST_HOST)";
				CODE_SIGN_STYLE = Automatic;
				CURRENT_PROJECT_VERSION = 1;
				GENERATE_INFOPLIST_FILE = YES;
				IPHONEOS_DEPLOYMENT_TARGET = 16.2;
				MACOSX_DEPLOYMENT_TARGET = 13.1;
				MARKETING_VERSION = 1.0;
				PRODUCT_BUNDLE_IDENTIFIER = wssj.BeFairTests;
				PRODUCT_NAME = "$(TARGET_NAME)";
				SDKROOT = auto;
				SUPPORTED_PLATFORMS = "iphoneos iphonesimulator macosx";
				SWIFT_EMIT_LOC_STRINGS = NO;
				SWIFT_VERSION = 5.0;
				TARGETED_DEVICE_FAMILY = "1,2";
				TEST_HOST = "$(BUILT_PRODUCTS_DIR)/BeFair.app/$(BUNDLE_EXECUTABLE_FOLDER_PATH)/BeFair";
			};
			name = Release;
		};
		4392F261297F4BE6001A8A0C /* Debug */ = {
			isa = XCBuildConfiguration;
			buildSettings = {
				ALWAYS_EMBED_SWIFT_STANDARD_LIBRARIES = YES;
				CODE_SIGN_STYLE = Automatic;
				CURRENT_PROJECT_VERSION = 1;
				GENERATE_INFOPLIST_FILE = YES;
				IPHONEOS_DEPLOYMENT_TARGET = 16.2;
				MACOSX_DEPLOYMENT_TARGET = 13.1;
				MARKETING_VERSION = 1.0;
				PRODUCT_BUNDLE_IDENTIFIER = wssj.BeFairUITests;
				PRODUCT_NAME = "$(TARGET_NAME)";
				SDKROOT = auto;
				SUPPORTED_PLATFORMS = "iphoneos iphonesimulator macosx";
				SWIFT_EMIT_LOC_STRINGS = NO;
				SWIFT_VERSION = 5.0;
				TARGETED_DEVICE_FAMILY = "1,2";
				TEST_TARGET_NAME = BeFair;
			};
			name = Debug;
		};
		4392F262297F4BE6001A8A0C /* Release */ = {
			isa = XCBuildConfiguration;
			buildSettings = {
				ALWAYS_EMBED_SWIFT_STANDARD_LIBRARIES = YES;
				CODE_SIGN_STYLE = Automatic;
				CURRENT_PROJECT_VERSION = 1;
				GENERATE_INFOPLIST_FILE = YES;
				IPHONEOS_DEPLOYMENT_TARGET = 16.2;
				MACOSX_DEPLOYMENT_TARGET = 13.1;
				MARKETING_VERSION = 1.0;
				PRODUCT_BUNDLE_IDENTIFIER = wssj.BeFairUITests;
				PRODUCT_NAME = "$(TARGET_NAME)";
				SDKROOT = auto;
				SUPPORTED_PLATFORMS = "iphoneos iphonesimulator macosx";
				SWIFT_EMIT_LOC_STRINGS = NO;
				SWIFT_VERSION = 5.0;
				TARGETED_DEVICE_FAMILY = "1,2";
				TEST_TARGET_NAME = BeFair;
			};
			name = Release;
		};
/* End XCBuildConfiguration section */

/* Begin XCConfigurationList section */
		4392F230297F4BE4001A8A0C /* Build configuration list for PBXProject "BeFair" */ = {
			isa = XCConfigurationList;
			buildConfigurations = (
				4392F258297F4BE6001A8A0C /* Debug */,
				4392F259297F4BE6001A8A0C /* Release */,
			);
			defaultConfigurationIsVisible = 0;
			defaultConfigurationName = Release;
		};
		4392F25A297F4BE6001A8A0C /* Build configuration list for PBXNativeTarget "BeFair" */ = {
			isa = XCConfigurationList;
			buildConfigurations = (
				4392F25B297F4BE6001A8A0C /* Debug */,
				4392F25C297F4BE6001A8A0C /* Release */,
			);
			defaultConfigurationIsVisible = 0;
			defaultConfigurationName = Release;
		};
		4392F25D297F4BE6001A8A0C /* Build configuration list for PBXNativeTarget "BeFairTests" */ = {
			isa = XCConfigurationList;
			buildConfigurations = (
				4392F25E297F4BE6001A8A0C /* Debug */,
				4392F25F297F4BE6001A8A0C /* Release */,
			);
			defaultConfigurationIsVisible = 0;
			defaultConfigurationName = Release;
		};
		4392F260297F4BE6001A8A0C /* Build configuration list for PBXNativeTarget "BeFairUITests" */ = {
			isa = XCConfigurationList;
			buildConfigurations = (
				4392F261297F4BE6001A8A0C /* Debug */,
				4392F262297F4BE6001A8A0C /* Release */,
			);
			defaultConfigurationIsVisible = 0;
			defaultConfigurationName = Release;
		};
/* End XCConfigurationList section */
	};
	rootObject = 4392F22D297F4BE4001A8A0C /* Project object */;
}
